
Microsoft Visual Studio Solution File, Format Version 12.00
# Visual Studio Version 16
VisualStudioVersion = 16.0.31129.286
MinimumVisualStudioVersion = 10.0.40219.1
Project("{FAE04EC0-301F-11D3-BF4B-00C04F79EFBC}") = "App3.iOS", "App3.iOS\App3.iOS.csproj", "{79D693EC-1DDC-428C-B7D9-1986E9BBCBAC}"
EndProject
Project("{9A19103F-16F7-4668-BE54-9A1E7A4F7556}") = "App3", "App3\App3.csproj", "{66D459A6-A668-4492-88DD-B2AD90A23DCD}"
EndProject
Global
	GlobalSection(SolutionConfigurationPlatforms) = preSolution
		Debug|Any CPU = Debug|Any CPU
		Debug|iPhone = Debug|iPhone
		Debug|iPhoneSimulator = Debug|iPhoneSimulator
		Release|Any CPU = Release|Any CPU
		Release|iPhone = Release|iPhone
		Release|iPhoneSimulator = Release|iPhoneSimulator
	EndGlobalSection
	GlobalSection(ProjectConfigurationPlatforms) = postSolution
		{79D693EC-1DDC-428C-B7D9-1986E9BBCBAC}.Debug|Any CPU.ActiveCfg = Debug|iPhone
		{79D693EC-1DDC-428C-B7D9-1986E9BBCBAC}.Debug|Any CPU.Build.0 = Debug|iPhone
		{79D693EC-1DDC-428C-B7D9-1986E9BBCBAC}.Debug|Any CPU.Deploy.0 = Debug|iPhone
		{79D693EC-1DDC-428C-B7D9-1986E9BBCBAC}.Debug|iPhone.ActiveCfg = Debug|iPhone
		{79D693EC-1DDC-428C-B7D9-1986E9BBCBAC}.Debug|iPhone.Build.0 = Debug|iPhone
		{79D693EC-1DDC-428C-B7D9-1986E9BBCBAC}.Debug|iPhone.Deploy.0 = Debug|iPhone
		{79D693EC-1DDC-428C-B7D9-1986E9BBCBAC}.Debug|iPhoneSimulator.ActiveCfg = Debug|iPhoneSimulator
		{79D693EC-1DDC-428C-B7D9-1986E9BBCBAC}.Debug|iPhoneSimulator.Build.0 = Debug|iPhoneSimulator
		{79D693EC-1DDC-428C-B7D9-1986E9BBCBAC}.Debug|iPhoneSimulator.Deploy.0 = Debug|iPhoneSimulator
		{79D693EC-1DDC-428C-B7D9-1986E9BBCBAC}.Release|Any CPU.ActiveCfg = Release|iPhoneSimulator
		{79D693EC-1DDC-428C-B7D9-1986E9BBCBAC}.Release|Any CPU.Build.0 = Release|iPhoneSimulator
		{79D693EC-1DDC-428C-B7D9-1986E9BBCBAC}.Release|Any CPU.Deploy.0 = Release|iPhoneSimulator
		{79D693EC-1DDC-428C-B7D9-1986E9BBCBAC}.Release|iPhone.ActiveCfg = Release|iPhone
		{79D693EC-1DDC-428C-B7D9-1986E9BBCBAC}.Release|iPhone.Build.0 = Release|iPhone
		{79D693EC-1DDC-428C-B7D9-1986E9BBCBAC}.Release|iPhone.Deploy.0 = Release|iPhone
		{79D693EC-1DDC-428C-B7D9-1986E9BBCBAC}.Release|iPhoneSimulator.ActiveCfg = Release|iPhoneSimulator
		{79D693EC-1DDC-428C-B7D9-1986E9BBCBAC}.Release|iPhoneSimulator.Build.0 = Release|iPhoneSimulator
		{79D693EC-1DDC-428C-B7D9-1986E9BBCBAC}.Release|iPhoneSimulator.Deploy.0 = Release|iPhoneSimulator
		{66D459A6-A668-4492-88DD-B2AD90A23DCD}.Debug|Any CPU.ActiveCfg = Debug|Any CPU
		{66D459A6-A668-4492-88DD-B2AD90A23DCD}.Debug|Any CPU.Build.0 = Debug|Any CPU
		{66D459A6-A668-4492-88DD-B2AD90A23DCD}.Debug|Any CPU.Deploy.0 = Debug|Any CPU
		{66D459A6-A668-4492-88DD-B2AD90A23DCD}.Debug|iPhone.ActiveCfg = Debug|Any CPU
		{66D459A6-A668-4492-88DD-B2AD90A23DCD}.Debug|iPhone.Build.0 = Debug|Any CPU
		{66D459A6-A668-4492-88DD-B2AD90A23DCD}.Debug|iPhone.Deploy.0 = Debug|Any CPU
		{66D459A6-A668-4492-88DD-B2AD90A23DCD}.Debug|iPhoneSimulator.ActiveCfg = Debug|Any CPU
		{66D459A6-A668-4492-88DD-B2AD90A23DCD}.Debug|iPhoneSimulator.Build.0 = Debug|Any CPU
		{66D459A6-A668-4492-88DD-B2AD90A23DCD}.Debug|iPhoneSimulator.Deploy.0 = Debug|Any CPU
		{66D459A6-A668-4492-88DD-B2AD90A23DCD}.Release|Any CPU.ActiveCfg = Release|Any CPU
		{66D459A6-A668-4492-88DD-B2AD90A23DCD}.Release|Any CPU.Build.0 = Release|Any CPU
		{66D459A6-A668-4492-88DD-B2AD90A23DCD}.Release|Any CPU.Deploy.0 = Release|Any CPU
		{66D459A6-A668-4492-88DD-B2AD90A23DCD}.Release|iPhone.ActiveCfg = Release|Any CPU
		{66D459A6-A668-4492-88DD-B2AD90A23DCD}.Release|iPhone.Build.0 = Release|Any CPU
		{66D459A6-A668-4492-88DD-B2AD90A23DCD}.Release|iPhone.Deploy.0 = Release|Any CPU
		{66D459A6-A668-4492-88DD-B2AD90A23DCD}.Release|iPhoneSimulator.ActiveCfg = Release|Any CPU
		{66D459A6-A668-4492-88DD-B2AD90A23DCD}.Release|iPhoneSimulator.Build.0 = Release|Any CPU
		{66D459A6-A668-4492-88DD-B2AD90A23DCD}.Release|iPhoneSimulator.Deploy.0 = Release|Any CPU
	EndGlobalSection
	GlobalSection(SolutionProperties) = preSolution
		HideSolutionNode = FALSE
	EndGlobalSection
	GlobalSection(ExtensibilityGlobals) = postSolution
		SolutionGuid = {ED04AEFE-89B5-44A6-AFA6-C27775CFE392}
	EndGlobalSection
EndGlobal
